{
  "name": "@cusimanse/agent-runtime",
  "version": "0.1.0",
  "lockfileVersion": 3,
  "requires": true,
  "packages": {
    "": {
      "name": "@cusimanse/agent-runtime",
      "version": "0.1.0",
      "dependencies": {
        "ai": "^7.0.0",
        "zod": "^4.0.0"
      },
      "devDependencies": {
        "@types/node": "^22.0.0",
        "typescript": "^5.9.0"
      },
      "engines": { "node": ">=22" }
    }
  }
}
